{
  "requires": true,
  "lockfileVersion": 1,
  "dependencies": {
    "selenium-server-standalone": {
      "version": "2.53.1",
      "resolved": "https://registry.npmjs.org/selenium-server-standalone/-/selenium-server-standalone-2.53.1.tgz",
      "integrity": "sha1-aD+TJtOhr4pb9MD3OxQBSU/uLCA=",
      "dev": true
    }
  }
}
